
Microsoft Visual Studio Solution File, Format Version 12.00
# Visual Studio Version 16
VisualStudioVersion = 16.0.30804.86
MinimumVisualStudioVersion = 10.0.40219.1
Project("{FAE04EC0-301F-11D3-BF4B-00C04F79EFBC}") = "Hubi", "Hubi\Hubi.csproj", "{E36F51A7-35E8-4998-8C86-B2D6F5719FCD}"
EndProject
Global
	GlobalSection(SolutionConfigurationPlatforms) = preSolution
		Debug|Any CPU = Debug|Any CPU
		Release|Any CPU = Release|Any CPU
	EndGlobalSection
	GlobalSection(ProjectConfigurationPlatforms) = postSolution
		{E36F51A7-35E8-4998-8C86-B2D6F5719FCD}.Debug|Any CPU.ActiveCfg = Debug|Any CPU
		{E36F51A7-35E8-4998-8C86-B2D6F5719FCD}.Debug|Any CPU.Build.0 = Debug|Any CPU
		{E36F51A7-35E8-4998-8C86-B2D6F5719FCD}.Release|Any CPU.ActiveCfg = Release|Any CPU
		{E36F51A7-35E8-4998-8C86-B2D6F5719FCD}.Release|Any CPU.Build.0 = Release|Any CPU
	EndGlobalSection
	GlobalSection(SolutionProperties) = preSolution
		HideSolutionNode = FALSE
	EndGlobalSection
	GlobalSection(ExtensibilityGlobals) = postSolution
		SolutionGuid = {356149F1-8575-42AD-B18B-B30B42EBAA0D}
	EndGlobalSection
EndGlobal
